
Microsoft Visual Studio Solution File, Format Version 12.00
# Visual Studio Version 17
VisualStudioVersion = 17.11.35222.181
MinimumVisualStudioVersion = 10.0.40219.1
Project("{FAE04EC0-301F-11D3-BF4B-00C04F79EFBC}") = "SchedulifySystem.API", "SchedulifySystem.API\SchedulifySystem.API.csproj", "{7737181D-3CB8-491F-99F1-9668C7B5DC2B}"
EndProject
Project("{FAE04EC0-301F-11D3-BF4B-00C04F79EFBC}") = "SchedulifySystem.Repository", "SchedulifySystem.Repository\SchedulifySystem.Repository.csproj", "{97938E43-86BE-443E-A0AC-470B5BB5AC78}"
EndProject
Project("{FAE04EC0-301F-11D3-BF4B-00C04F79EFBC}") = "SchedulifySystem.Service", "SchedulifySystem.Service\SchedulifySystem.Service.csproj", "{374E92ED-B6C4-4FC3-AC69-3B961F5F3DCA}"
EndProject
Global
	GlobalSection(SolutionConfigurationPlatforms) = preSolution
		Debug|Any CPU = Debug|Any CPU
		Release|Any CPU = Release|Any CPU
	EndGlobalSection
	GlobalSection(ProjectConfigurationPlatforms) = postSolution
		{7737181D-3CB8-491F-99F1-9668C7B5DC2B}.Debug|Any CPU.ActiveCfg = Debug|Any CPU
		{7737181D-3CB8-491F-99F1-9668C7B5DC2B}.Debug|Any CPU.Build.0 = Debug|Any CPU
		{7737181D-3CB8-491F-99F1-9668C7B5DC2B}.Release|Any CPU.ActiveCfg = Release|Any CPU
		{7737181D-3CB8-491F-99F1-9668C7B5DC2B}.Release|Any CPU.Build.0 = Release|Any CPU
		{97938E43-86BE-443E-A0AC-470B5BB5AC78}.Debug|Any CPU.ActiveCfg = Debug|Any CPU
		{97938E43-86BE-443E-A0AC-470B5BB5AC78}.Debug|Any CPU.Build.0 = Debug|Any CPU
		{97938E43-86BE-443E-A0AC-470B5BB5AC78}.Release|Any CPU.ActiveCfg = Release|Any CPU
		{97938E43-86BE-443E-A0AC-470B5BB5AC78}.Release|Any CPU.Build.0 = Release|Any CPU
		{374E92ED-B6C4-4FC3-AC69-3B961F5F3DCA}.Debug|Any CPU.ActiveCfg = Debug|Any CPU
		{374E92ED-B6C4-4FC3-AC69-3B961F5F3DCA}.Debug|Any CPU.Build.0 = Debug|Any CPU
		{374E92ED-B6C4-4FC3-AC69-3B961F5F3DCA}.Release|Any CPU.ActiveCfg = Release|Any CPU
		{374E92ED-B6C4-4FC3-AC69-3B961F5F3DCA}.Release|Any CPU.Build.0 = Release|Any CPU
	EndGlobalSection
	GlobalSection(SolutionProperties) = preSolution
		HideSolutionNode = FALSE
	EndGlobalSection
	GlobalSection(ExtensibilityGlobals) = postSolution
		SolutionGuid = {834F5C3E-AA3F-4074-AB05-D0C8872FBC82}
	EndGlobalSection
EndGlobal
